# This file was autogenerated by uv via the following command:
#    uv pip compile pyproject.toml --extra dev -o requirements-dev.lock
iniconfig==2.3.0          # via pytest
librt==0.9.0              # via mypy
mypy==1.20.0              # via agathos (pyproject.toml)
mypy-extensions==1.1.0    # via mypy
packaging==26.0           # via pytest
pathspec==1.0.4           # via mypy
pluggy==1.6.0             # via pytest
pygments==2.20.0          # via pytest
pytest==9.0.3             # via pytest-asyncio, agathos (pyproject.toml)
pytest-asyncio==1.3.0     # via agathos (pyproject.toml)
pyyaml==6.0.3             # via agathos (pyproject.toml)
ruff==0.15.10             # via agathos (pyproject.toml)
typing-extensions==4.15.0  # via mypy, pytest-asyncio
